
Microsoft Visual Studio Solution File, Format Version 12.00
# Visual Studio Version 17
VisualStudioVersion = 17.13.36105.23 d17.13
MinimumVisualStudioVersion = 10.0.40219.1
Project("{FAE04EC0-301F-11D3-BF4B-00C04F79EFBC}") = "NZWalksAPI", "NZWalksAPI\NZWalksAPI.csproj", "{3D680CEA-618F-4054-B8A3-2D69BB1A213B}"
EndProject
Global
	GlobalSection(SolutionConfigurationPlatforms) = preSolution
		Debug|Any CPU = Debug|Any CPU
		Release|Any CPU = Release|Any CPU
	EndGlobalSection
	GlobalSection(ProjectConfigurationPlatforms) = postSolution
		{3D680CEA-618F-4054-B8A3-2D69BB1A213B}.Debug|Any CPU.ActiveCfg = Debug|Any CPU
		{3D680CEA-618F-4054-B8A3-2D69BB1A213B}.Debug|Any CPU.Build.0 = Debug|Any CPU
		{3D680CEA-618F-4054-B8A3-2D69BB1A213B}.Release|Any CPU.ActiveCfg = Release|Any CPU
		{3D680CEA-618F-4054-B8A3-2D69BB1A213B}.Release|Any CPU.Build.0 = Release|Any CPU
	EndGlobalSection
	GlobalSection(SolutionProperties) = preSolution
		HideSolutionNode = FALSE
	EndGlobalSection
	GlobalSection(ExtensibilityGlobals) = postSolution
		SolutionGuid = {5D6FF95D-1F0F-47CE-A137-A7C8E768326F}
	EndGlobalSection
EndGlobal
